
Microsoft Visual Studio Solution File, Format Version 12.00
# Visual Studio 15
VisualStudioVersion = 15.0.27703.2000
MinimumVisualStudioVersion = 10.0.40219.1
Project("{8BC9CEB8-8B4A-11D0-8D11-00A0C91BC942}") = "1.1", "CrakingTheCodingInterview\CrakingTheCodingInterview.vcxproj", "{E680A4A0-14E4-4253-8FBB-1CEB4D9A41DD}"
EndProject
Project("{8BC9CEB8-8B4A-11D0-8D11-00A0C91BC942}") = "1.2", "1.2\1.2.vcxproj", "{946A16B9-FFAF-4490-B8B4-AC89375DE665}"
EndProject
Project("{8BC9CEB8-8B4A-11D0-8D11-00A0C91BC942}") = "1.3", "1.3\1.3.vcxproj", "{046F48BE-BBBA-4315-958C-853624B1699C}"
EndProject
Project("{8BC9CEB8-8B4A-11D0-8D11-00A0C91BC942}") = "1.5", "1.5\1.5.vcxproj", "{4D706B42-0B42-4EC2-ABC4-743100A5C098}"
EndProject
Project("{8BC9CEB8-8B4A-11D0-8D11-00A0C91BC942}") = "1.6", "1.6\1.6.vcxproj", "{C38BA8F5-A673-4C8E-9B29-95E6835CB2BD}"
EndProject
Project("{8BC9CEB8-8B4A-11D0-8D11-00A0C91BC942}") = "1.4", "1.4\1.4.vcxproj", "{BB4E0488-38AF-40F0-A4A7-0200785A4901}"
EndProject
Project("{8BC9CEB8-8B4A-11D0-8D11-00A0C91BC942}") = "1.7", "1.7\1.7.vcxproj", "{5711683B-A88D-4351-9813-1EB26CBF851A}"
EndProject
Project("{8BC9CEB8-8B4A-11D0-8D11-00A0C91BC942}") = "1.9", "1.9\1.9.vcxproj", "{77E63D0F-4182-411E-997E-58019F55B487}"
EndProject
Global
	GlobalSection(SolutionConfigurationPlatforms) = preSolution
		Debug|x64 = Debug|x64
		Debug|x86 = Debug|x86
		Release|x64 = Release|x64
		Release|x86 = Release|x86
	EndGlobalSection
	GlobalSection(ProjectConfigurationPlatforms) = postSolution
		{E680A4A0-14E4-4253-8FBB-1CEB4D9A41DD}.Debug|x64.ActiveCfg = Debug|x64
		{E680A4A0-14E4-4253-8FBB-1CEB4D9A41DD}.Debug|x64.Build.0 = Debug|x64
		{E680A4A0-14E4-4253-8FBB-1CEB4D9A41DD}.Debug|x86.ActiveCfg = Debug|Win32
		{E680A4A0-14E4-4253-8FBB-1CEB4D9A41DD}.Debug|x86.Build.0 = Debug|Win32
		{E680A4A0-14E4-4253-8FBB-1CEB4D9A41DD}.Release|x64.ActiveCfg = Release|x64
		{E680A4A0-14E4-4253-8FBB-1CEB4D9A41DD}.Release|x64.Build.0 = Release|x64
		{E680A4A0-14E4-4253-8FBB-1CEB4D9A41DD}.Release|x86.ActiveCfg = Release|Win32
		{E680A4A0-14E4-4253-8FBB-1CEB4D9A41DD}.Release|x86.Build.0 = Release|Win32
		{946A16B9-FFAF-4490-B8B4-AC89375DE665}.Debug|x64.ActiveCfg = Debug|x64
		{946A16B9-FFAF-4490-B8B4-AC89375DE665}.Debug|x64.Build.0 = Debug|x64
		{946A16B9-FFAF-4490-B8B4-AC89375DE665}.Debug|x86.ActiveCfg = Debug|Win32
		{946A16B9-FFAF-4490-B8B4-AC89375DE665}.Debug|x86.Build.0 = Debug|Win32
		{946A16B9-FFAF-4490-B8B4-AC89375DE665}.Release|x64.ActiveCfg = Release|x64
		{946A16B9-FFAF-4490-B8B4-AC89375DE665}.Release|x64.Build.0 = Release|x64
		{946A16B9-FFAF-4490-B8B4-AC89375DE665}.Release|x86.ActiveCfg = Release|Win32
		{946A16B9-FFAF-4490-B8B4-AC89375DE665}.Release|x86.Build.0 = Release|Win32
		{046F48BE-BBBA-4315-958C-853624B1699C}.Debug|x64.ActiveCfg = Debug|x64
		{046F48BE-BBBA-4315-958C-853624B1699C}.Debug|x64.Build.0 = Debug|x64
		{046F48BE-BBBA-4315-958C-853624B1699C}.Debug|x86.ActiveCfg = Debug|Win32
		{046F48BE-BBBA-4315-958C-853624B1699C}.Debug|x86.Build.0 = Debug|Win32
		{046F48BE-BBBA-4315-958C-853624B1699C}.Release|x64.ActiveCfg = Release|x64
		{046F48BE-BBBA-4315-958C-853624B1699C}.Release|x64.Build.0 = Release|x64
		{046F48BE-BBBA-4315-958C-853624B1699C}.Release|x86.ActiveCfg = Release|Win32
		{046F48BE-BBBA-4315-958C-853624B1699C}.Release|x86.Build.0 = Release|Win32
		{4D706B42-0B42-4EC2-ABC4-743100A5C098}.Debug|x64.ActiveCfg = Debug|x64
		{4D706B42-0B42-4EC2-ABC4-743100A5C098}.Debug|x64.Build.0 = Debug|x64
		{4D706B42-0B42-4EC2-ABC4-743100A5C098}.Debug|x86.ActiveCfg = Debug|Win32
		{4D706B42-0B42-4EC2-ABC4-743100A5C098}.Debug|x86.Build.0 = Debug|Win32
		{4D706B42-0B42-4EC2-ABC4-743100A5C098}.Release|x64.ActiveCfg = Release|x64
		{4D706B42-0B42-4EC2-ABC4-743100A5C098}.Release|x64.Build.0 = Release|x64
		{4D706B42-0B42-4EC2-ABC4-743100A5C098}.Release|x86.ActiveCfg = Release|Win32
		{4D706B42-0B42-4EC2-ABC4-743100A5C098}.Release|x86.Build.0 = Release|Win32
		{C38BA8F5-A673-4C8E-9B29-95E6835CB2BD}.Debug|x64.ActiveCfg = Debug|x64
		{C38BA8F5-A673-4C8E-9B29-95E6835CB2BD}.Debug|x64.Build.0 = Debug|x64
		{C38BA8F5-A673-4C8E-9B29-95E6835CB2BD}.Debug|x86.ActiveCfg = Debug|Win32
		{C38BA8F5-A673-4C8E-9B29-95E6835CB2BD}.Debug|x86.Build.0 = Debug|Win32
		{C38BA8F5-A673-4C8E-9B29-95E6835CB2BD}.Release|x64.ActiveCfg = Release|x64
		{C38BA8F5-A673-4C8E-9B29-95E6835CB2BD}.Release|x64.Build.0 = Release|x64
		{C38BA8F5-A673-4C8E-9B29-95E6835CB2BD}.Release|x86.ActiveCfg = Release|Win32
		{C38BA8F5-A673-4C8E-9B29-95E6835CB2BD}.Release|x86.Build.0 = Release|Win32
		{BB4E0488-38AF-40F0-A4A7-0200785A4901}.Debug|x64.ActiveCfg = Debug|x64
		{BB4E0488-38AF-40F0-A4A7-0200785A4901}.Debug|x64.Build.0 = Debug|x64
		{BB4E0488-38AF-40F0-A4A7-0200785A4901}.Debug|x86.ActiveCfg = Debug|Win32
		{BB4E0488-38AF-40F0-A4A7-0200785A4901}.Debug|x86.Build.0 = Debug|Win32
		{BB4E0488-38AF-40F0-A4A7-0200785A4901}.Release|x64.ActiveCfg = Release|x64
		{BB4E0488-38AF-40F0-A4A7-0200785A4901}.Release|x64.Build.0 = Release|x64
		{BB4E0488-38AF-40F0-A4A7-0200785A4901}.Release|x86.ActiveCfg = Release|Win32
		{BB4E0488-38AF-40F0-A4A7-0200785A4901}.Release|x86.Build.0 = Release|Win32
		{5711683B-A88D-4351-9813-1EB26CBF851A}.Debug|x64.ActiveCfg = Debug|x64
		{5711683B-A88D-4351-9813-1EB26CBF851A}.Debug|x64.Build.0 = Debug|x64
		{5711683B-A88D-4351-9813-1EB26CBF851A}.Debug|x86.ActiveCfg = Debug|Win32
		{5711683B-A88D-4351-9813-1EB26CBF851A}.Debug|x86.Build.0 = Debug|Win32
		{5711683B-A88D-4351-9813-1EB26CBF851A}.Release|x64.ActiveCfg = Release|x64
		{5711683B-A88D-4351-9813-1EB26CBF851A}.Release|x64.Build.0 = Release|x64
		{5711683B-A88D-4351-9813-1EB26CBF851A}.Release|x86.ActiveCfg = Release|Win32
		{5711683B-A88D-4351-9813-1EB26CBF851A}.Release|x86.Build.0 = Release|Win32
		{77E63D0F-4182-411E-997E-58019F55B487}.Debug|x64.ActiveCfg = Debug|x64
		{77E63D0F-4182-411E-997E-58019F55B487}.Debug|x64.Build.0 = Debug|x64
		{77E63D0F-4182-411E-997E-58019F55B487}.Debug|x86.ActiveCfg = Debug|Win32
		{77E63D0F-4182-411E-997E-58019F55B487}.Debug|x86.Build.0 = Debug|Win32
		{77E63D0F-4182-411E-997E-58019F55B487}.Release|x64.ActiveCfg = Release|x64
		{77E63D0F-4182-411E-997E-58019F55B487}.Release|x64.Build.0 = Release|x64
		{77E63D0F-4182-411E-997E-58019F55B487}.Release|x86.ActiveCfg = Release|Win32
		{77E63D0F-4182-411E-997E-58019F55B487}.Release|x86.Build.0 = Release|Win32
	EndGlobalSection
	GlobalSection(SolutionProperties) = preSolution
		HideSolutionNode = FALSE
	EndGlobalSection
	GlobalSection(ExtensibilityGlobals) = postSolution
		SolutionGuid = {F8EF8612-BDA5-49D5-9006-546030CBB473}
	EndGlobalSection
EndGlobal
